<?xml version="1.0" encoding="utf-8"?>
<Project ToolsVersion="4.0" xmlns="http://schemas.microsoft.com/developer/msbuild/2003">
  <ItemGroup>
    <Filter Include="Source Files">
      <UniqueIdentifier>{4FC737F1-C7A5-4376-A066-2A32D752A2FF}</UniqueIdentifier>
      <Extensions>cpp;c;cc;cxx;def;odl;idl;hpj;bat;asm;asmx</Extensions>
    </Filter>
    <Filter Include="Header Files">
      <UniqueIdentifier>{93995380-89BD-4b04-88EB-625FBE52EBFB}</UniqueIdentifier>
      <Extensions>h;hh;hpp;hxx;hm;inl;inc;xsd</Extensions>
    </Filter>
    <Filter Include="Resource Files">
      <UniqueIdentifier>{67DA6AB6-F800-4c08-8B7A-83BB121AAD01}</UniqueIdentifier>
      <Extensions>rc;ico;cur;bmp;dlg;rc2;rct;bin;rgs;gif;jpg;jpeg;jpe;resx;tiff;tif;png;wav;mfcribbon-ms</Extensions>
    </Filter>
  </ItemGroup>
  <ItemGroup>
    <None Include="Repetier.ino" />
  </ItemGroup>
  <ItemGroup>
    <ClInclude Include="__vm\.Repetier.vsarduino.h">
      <Filter>Header Files</Filter>
    </ClInclude>
    <ClInclude Include="Commands.h">
      <Filter>Header Files</Filter>
    </ClInclude>
    <ClInclude Include="Communication.h">
      <Filter>Header Files</Filter>
    </ClInclude>
    <ClInclude Include="Configuration.h">
      <Filter>Header Files</Filter>
    </ClInclude>
    <ClInclude Include="Constants.h">
      <Filter>Header Files</Filter>
    </ClInclude>
    <ClInclude Include="Eeprom.h">
      <Filter>Header Files</Filter>
    </ClInclude>
    <ClInclude Include="Extruder.h">
      <Filter>Header Files</Filter>
    </ClInclude>
    <ClInclude Include="fastio.h">
      <Filter>Header Files</Filter>
    </ClInclude>
    <ClInclude Include="gcode.h">
      <Filter>Header Files</Filter>
    </ClInclude>
    <ClInclude Include="HAL.h">
      <Filter>Header Files</Filter>
    </ClInclude>
    <ClInclude Include="motion.h">
      <Filter>Header Files</Filter>
    </ClInclude>
    <ClInclude Include="pins.h">
      <Filter>Header Files</Filter>
    </ClInclude>
    <ClInclude Include="Printer.h">
      <Filter>Header Files</Filter>
    </ClInclude>
    <ClInclude Include="Repetier.h">
      <Filter>Header Files</Filter>
    </ClInclude>
    <ClInclude Include="RF.h">
      <Filter>Header Files</Filter>
    </ClInclude>
    <ClInclude Include="RF1000.h">
      <Filter>Header Files</Filter>
    </ClInclude>
    <ClInclude Include="RF2000.h">
      <Filter>Header Files</Filter>
    </ClInclude>
    <ClInclude Include="RF2000v2.h">
      <Filter>Header Files</Filter>
    </ClInclude>
    <ClInclude Include="u8glib_ex.h">
      <Filter>Header Files</Filter>
    </ClInclude>
    <ClInclude Include="ui.h">
      <Filter>Header Files</Filter>
    </ClInclude>
    <ClInclude Include="uiconfig.h">
      <Filter>Header Files</Filter>
    </ClInclude>
    <ClInclude Include="uilang.h">
      <Filter>Header Files</Filter>
    </ClInclude>
    <ClInclude Include="uimenu.h">
      <Filter>Header Files</Filter>
    </ClInclude>
    <ClInclude Include="src\SdFat\BlockDriver.h">
      <Filter>Header Files</Filter>
    </ClInclude>
    <ClInclude Include="src\SdFat\FreeStack.h">
      <Filter>Header Files</Filter>
    </ClInclude>
    <ClInclude Include="src\SdFat\MinimumSerial.h">
      <Filter>Header Files</Filter>
    </ClInclude>
    <ClInclude Include="src\SdFat\SdFat.h">
      <Filter>Header Files</Filter>
    </ClInclude>
    <ClInclude Include="src\SdFat\SdFatConfig.h">
      <Filter>Header Files</Filter>
    </ClInclude>
    <ClInclude Include="src\SdFat\sdios.h">
      <Filter>Header Files</Filter>
    </ClInclude>
    <ClInclude Include="src\SdFat\SysCall.h">
      <Filter>Header Files</Filter>
    </ClInclude>
    <ClInclude Include="src\SdFat\FatLib\ArduinoFiles.h">
      <Filter>Header Files</Filter>
    </ClInclude>
    <ClInclude Include="src\SdFat\FatLib\ArduinoStream.h">
      <Filter>Header Files</Filter>
    </ClInclude>
    <ClInclude Include="src\SdFat\FatLib\BaseBlockDriver.h">
      <Filter>Header Files</Filter>
    </ClInclude>
    <ClInclude Include="src\SdFat\FatLib\bufstream.h">
      <Filter>Header Files</Filter>
    </ClInclude>
    <ClInclude Include="src\SdFat\FatLib\FatApiConstants.h">
      <Filter>Header Files</Filter>
    </ClInclude>
    <ClInclude Include="src\SdFat\FatLib\FatFile.h">
      <Filter>Header Files</Filter>
    </ClInclude>
    <ClInclude Include="src\SdFat\FatLib\FatFileSystem.h">
      <Filter>Header Files</Filter>
    </ClInclude>
    <ClInclude Include="src\SdFat\FatLib\FatLib.h">
      <Filter>Header Files</Filter>
    </ClInclude>
    <ClInclude Include="src\SdFat\FatLib\FatLibConfig.h">
      <Filter>Header Files</Filter>
    </ClInclude>
    <ClInclude Include="src\SdFat\FatLib\FatStructs.h">
      <Filter>Header Files</Filter>
    </ClInclude>
    <ClInclude Include="src\SdFat\FatLib\FatVolume.h">
      <Filter>Header Files</Filter>
    </ClInclude>
    <ClInclude Include="src\SdFat\FatLib\FmtNumber.h">
      <Filter>Header Files</Filter>
    </ClInclude>
    <ClInclude Include="src\SdFat\FatLib\fstream.h">
      <Filter>Header Files</Filter>
    </ClInclude>
    <ClInclude Include="src\SdFat\FatLib\ios.h">
      <Filter>Header Files</Filter>
    </ClInclude>
    <ClInclude Include="src\SdFat\FatLib\iostream.h">
      <Filter>Header Files</Filter>
    </ClInclude>
    <ClInclude Include="src\SdFat\FatLib\istream.h">
      <Filter>Header Files</Filter>
    </ClInclude>
    <ClInclude Include="src\SdFat\FatLib\ostream.h">
      <Filter>Header Files</Filter>
    </ClInclude>
    <ClInclude Include="src\SdFat\FatLib\StdioStream.h">
      <Filter>Header Files</Filter>
    </ClInclude>
    <ClInclude Include="src\SdFat\SdCard\SdSpiCard.h">
      <Filter>Header Files</Filter>
    </ClInclude>
    <ClInclude Include="src\SdFat\SdCard\SdInfo.h">
      <Filter>Header Files</Filter>
    </ClInclude>
  </ItemGroup>
  <ItemGroup>
    <ClCompile Include="Commands.cpp">
      <Filter>Source Files</Filter>
    </ClCompile>
    <ClCompile Include="Communication.cpp">
      <Filter>Source Files</Filter>
    </ClCompile>
    <ClCompile Include="Eeprom.cpp">
      <Filter>Source Files</Filter>
    </ClCompile>
    <ClCompile Include="Extruder.cpp">
      <Filter>Source Files</Filter>
    </ClCompile>
    <ClCompile Include="gcode.cpp">
      <Filter>Source Files</Filter>
    </ClCompile>
    <ClCompile Include="HAL.cpp">
      <Filter>Source Files</Filter>
    </ClCompile>
    <ClCompile Include="motion.cpp">
      <Filter>Source Files</Filter>
    </ClCompile>
    <ClCompile Include="Printer.cpp">
      <Filter>Source Files</Filter>
    </ClCompile>
    <ClCompile Include="RF.cpp">
      <Filter>Source Files</Filter>
    </ClCompile>
    <ClCompile Include="SDCard.cpp">
      <Filter>Source Files</Filter>
    </ClCompile>
    <ClCompile Include="ui.cpp">
      <Filter>Source Files</Filter>
    </ClCompile>
    <ClCompile Include="src\SdFat\MinimumSerial.cpp">
      <Filter>Source Files</Filter>
    </ClCompile>
    <ClCompile Include="src\SdFat\FatLib\FatFile.cpp">
      <Filter>Source Files</Filter>
    </ClCompile>
    <ClCompile Include="src\SdFat\FatLib\FatFileLFN.cpp">
      <Filter>Source Files</Filter>
    </ClCompile>
    <ClCompile Include="src\SdFat\FatLib\FatFilePrint.cpp">
      <Filter>Source Files</Filter>
    </ClCompile>
    <ClCompile Include="src\SdFat\FatLib\FatFileSFN.cpp">
      <Filter>Source Files</Filter>
    </ClCompile>
    <ClCompile Include="src\SdFat\FatLib\FatVolume.cpp">
      <Filter>Source Files</Filter>
    </ClCompile>
    <ClCompile Include="src\SdFat\FatLib\FmtNumber.cpp">
      <Filter>Source Files</Filter>
    </ClCompile>
    <ClCompile Include="src\SdFat\FatLib\fstream.cpp">
      <Filter>Source Files</Filter>
    </ClCompile>
    <ClCompile Include="src\SdFat\FatLib\istream.cpp">
      <Filter>Source Files</Filter>
    </ClCompile>
    <ClCompile Include="src\SdFat\FatLib\ostream.cpp">
      <Filter>Source Files</Filter>
    </ClCompile>
    <ClCompile Include="src\SdFat\FatLib\StdioStream.cpp">
      <Filter>Source Files</Filter>
    </ClCompile>
    <ClCompile Include="src\SdFat\SdCard\SdSpiCard.cpp">
      <Filter>Source Files</Filter>
    </ClCompile>
  </ItemGroup>
</Project>